
Microsoft Visual Studio Solution File, Format Version 12.00
# Visual Studio Version 16
VisualStudioVersion = 16.0.31205.134
MinimumVisualStudioVersion = 10.0.40219.1
Project("{FAE04EC0-301F-11D3-BF4B-00C04F79EFBC}") = "eNeoAuth.Server", "eNeoAuth\Server\eNeoAuth.Server.csproj", "{B0D5B0F4-368F-46C6-8EC7-16D2A60CB68C}"
EndProject
Project("{FAE04EC0-301F-11D3-BF4B-00C04F79EFBC}") = "eNeoAuth.Client", "eNeoAuth\Client\eNeoAuth.Client.csproj", "{9DD06046-27DB-4745-9AD1-B4795E470059}"
EndProject
Project("{FAE04EC0-301F-11D3-BF4B-00C04F79EFBC}") = "eNeoAuth.Shared", "eNeoAuth\Shared\eNeoAuth.Shared.csproj", "{0BF96FAC-E001-48DA-A668-5D286CEB2C22}"
EndProject
Global
	GlobalSection(SolutionConfigurationPlatforms) = preSolution
		Debug|Any CPU = Debug|Any CPU
		Release|Any CPU = Release|Any CPU
	EndGlobalSection
	GlobalSection(ProjectConfigurationPlatforms) = postSolution
		{B0D5B0F4-368F-46C6-8EC7-16D2A60CB68C}.Debug|Any CPU.ActiveCfg = Debug|Any CPU
		{B0D5B0F4-368F-46C6-8EC7-16D2A60CB68C}.Debug|Any CPU.Build.0 = Debug|Any CPU
		{B0D5B0F4-368F-46C6-8EC7-16D2A60CB68C}.Release|Any CPU.ActiveCfg = Release|Any CPU
		{B0D5B0F4-368F-46C6-8EC7-16D2A60CB68C}.Release|Any CPU.Build.0 = Release|Any CPU
		{9DD06046-27DB-4745-9AD1-B4795E470059}.Debug|Any CPU.ActiveCfg = Debug|Any CPU
		{9DD06046-27DB-4745-9AD1-B4795E470059}.Debug|Any CPU.Build.0 = Debug|Any CPU
		{9DD06046-27DB-4745-9AD1-B4795E470059}.Release|Any CPU.ActiveCfg = Release|Any CPU
		{9DD06046-27DB-4745-9AD1-B4795E470059}.Release|Any CPU.Build.0 = Release|Any CPU
		{0BF96FAC-E001-48DA-A668-5D286CEB2C22}.Debug|Any CPU.ActiveCfg = Debug|Any CPU
		{0BF96FAC-E001-48DA-A668-5D286CEB2C22}.Debug|Any CPU.Build.0 = Debug|Any CPU
		{0BF96FAC-E001-48DA-A668-5D286CEB2C22}.Release|Any CPU.ActiveCfg = Release|Any CPU
		{0BF96FAC-E001-48DA-A668-5D286CEB2C22}.Release|Any CPU.Build.0 = Release|Any CPU
	EndGlobalSection
	GlobalSection(SolutionProperties) = preSolution
		HideSolutionNode = FALSE
	EndGlobalSection
	GlobalSection(ExtensibilityGlobals) = postSolution
		SolutionGuid = {A7BCF68A-B87A-4CC0-A832-0FB89950E09C}
	EndGlobalSection
EndGlobal
