
Microsoft Visual Studio Solution File, Format Version 12.00
# Visual Studio Version 16
VisualStudioVersion = 16.0.31025.194
MinimumVisualStudioVersion = 10.0.40219.1
Project("{9A19103F-16F7-4668-BE54-9A1E7A4F7556}") = "SEIIApp.Server", "Server\SEIIApp.Server.csproj", "{88335715-145F-4E52-9AF4-6BBD5726755B}"
EndProject
Project("{9A19103F-16F7-4668-BE54-9A1E7A4F7556}") = "SEIIApp.Client", "Client\SEIIApp.Client.csproj", "{2E9ACBF8-3294-4AC2-A3E4-22F487C700BA}"
EndProject
Project("{9A19103F-16F7-4668-BE54-9A1E7A4F7556}") = "SEIIApp.Shared", "Shared\SEIIApp.Shared.csproj", "{B2B00248-57F1-4B28-9037-8305CFA7E439}"
EndProject
Global
	GlobalSection(SolutionConfigurationPlatforms) = preSolution
		Debug|Any CPU = Debug|Any CPU
		Release|Any CPU = Release|Any CPU
	EndGlobalSection
	GlobalSection(ProjectConfigurationPlatforms) = postSolution
		{88335715-145F-4E52-9AF4-6BBD5726755B}.Debug|Any CPU.ActiveCfg = Debug|Any CPU
		{88335715-145F-4E52-9AF4-6BBD5726755B}.Debug|Any CPU.Build.0 = Debug|Any CPU
		{88335715-145F-4E52-9AF4-6BBD5726755B}.Release|Any CPU.ActiveCfg = Release|Any CPU
		{88335715-145F-4E52-9AF4-6BBD5726755B}.Release|Any CPU.Build.0 = Release|Any CPU
		{2E9ACBF8-3294-4AC2-A3E4-22F487C700BA}.Debug|Any CPU.ActiveCfg = Debug|Any CPU
		{2E9ACBF8-3294-4AC2-A3E4-22F487C700BA}.Debug|Any CPU.Build.0 = Debug|Any CPU
		{2E9ACBF8-3294-4AC2-A3E4-22F487C700BA}.Release|Any CPU.ActiveCfg = Release|Any CPU
		{2E9ACBF8-3294-4AC2-A3E4-22F487C700BA}.Release|Any CPU.Build.0 = Release|Any CPU
		{B2B00248-57F1-4B28-9037-8305CFA7E439}.Debug|Any CPU.ActiveCfg = Debug|Any CPU
		{B2B00248-57F1-4B28-9037-8305CFA7E439}.Debug|Any CPU.Build.0 = Debug|Any CPU
		{B2B00248-57F1-4B28-9037-8305CFA7E439}.Release|Any CPU.ActiveCfg = Release|Any CPU
		{B2B00248-57F1-4B28-9037-8305CFA7E439}.Release|Any CPU.Build.0 = Release|Any CPU
	EndGlobalSection
	GlobalSection(SolutionProperties) = preSolution
		HideSolutionNode = FALSE
	EndGlobalSection
	GlobalSection(ExtensibilityGlobals) = postSolution
		SolutionGuid = {56F6D0D1-FB01-4C61-9E80-855D1E9EF36A}
	EndGlobalSection
EndGlobal
